
Microsoft Visual Studio Solution File, Format Version 12.00
# Visual Studio Version 16
VisualStudioVersion = 16.0.30611.23
MinimumVisualStudioVersion = 10.0.40219.1
Project("{9A19103F-16F7-4668-BE54-9A1E7A4F7556}") = "Assignment_1", "Assignment_1\Assignment_1.csproj", "{C6074179-35D0-492B-8D41-97465F929FBC}"
EndProject
Project("{FAE04EC0-301F-11D3-BF4B-00C04F79EFBC}") = "Assignment_2", "Assignment_2\Assignment_2.csproj", "{D11D8668-C78D-4E6A-979D-0074A3736CB0}"
EndProject
Global
	GlobalSection(SolutionConfigurationPlatforms) = preSolution
		Debug|Any CPU = Debug|Any CPU
		Release|Any CPU = Release|Any CPU
	EndGlobalSection
	GlobalSection(ProjectConfigurationPlatforms) = postSolution
		{C6074179-35D0-492B-8D41-97465F929FBC}.Debug|Any CPU.ActiveCfg = Debug|Any CPU
		{C6074179-35D0-492B-8D41-97465F929FBC}.Debug|Any CPU.Build.0 = Debug|Any CPU
		{C6074179-35D0-492B-8D41-97465F929FBC}.Release|Any CPU.ActiveCfg = Release|Any CPU
		{C6074179-35D0-492B-8D41-97465F929FBC}.Release|Any CPU.Build.0 = Release|Any CPU
		{D11D8668-C78D-4E6A-979D-0074A3736CB0}.Debug|Any CPU.ActiveCfg = Debug|Any CPU
		{D11D8668-C78D-4E6A-979D-0074A3736CB0}.Debug|Any CPU.Build.0 = Debug|Any CPU
		{D11D8668-C78D-4E6A-979D-0074A3736CB0}.Release|Any CPU.ActiveCfg = Release|Any CPU
		{D11D8668-C78D-4E6A-979D-0074A3736CB0}.Release|Any CPU.Build.0 = Release|Any CPU
	EndGlobalSection
	GlobalSection(SolutionProperties) = preSolution
		HideSolutionNode = FALSE
	EndGlobalSection
	GlobalSection(ExtensibilityGlobals) = postSolution
		SolutionGuid = {89B22F25-03E8-4035-806E-644111AED334}
	EndGlobalSection
EndGlobal
