
Microsoft Visual Studio Solution File, Format Version 12.00
# Visual Studio Version 16
VisualStudioVersion = 16.0.30611.23
MinimumVisualStudioVersion = 10.0.40219.1
Project("{9A19103F-16F7-4668-BE54-9A1E7A4F7556}") = "Assignment_1", "Assignment_1\Assignment_1.csproj", "{78A8D1B9-0621-47E9-B41A-4FAD266E3F5E}"
EndProject
Project("{FAE04EC0-301F-11D3-BF4B-00C04F79EFBC}") = "Assignment_2", "Assignment_2\Assignment_2.csproj", "{F073DE71-33AE-44EE-9B02-0A240C8B8F81}"
EndProject
Global
	GlobalSection(SolutionConfigurationPlatforms) = preSolution
		Debug|Any CPU = Debug|Any CPU
		Release|Any CPU = Release|Any CPU
	EndGlobalSection
	GlobalSection(ProjectConfigurationPlatforms) = postSolution
		{78A8D1B9-0621-47E9-B41A-4FAD266E3F5E}.Debug|Any CPU.ActiveCfg = Debug|Any CPU
		{78A8D1B9-0621-47E9-B41A-4FAD266E3F5E}.Debug|Any CPU.Build.0 = Debug|Any CPU
		{78A8D1B9-0621-47E9-B41A-4FAD266E3F5E}.Release|Any CPU.ActiveCfg = Release|Any CPU
		{78A8D1B9-0621-47E9-B41A-4FAD266E3F5E}.Release|Any CPU.Build.0 = Release|Any CPU
		{F073DE71-33AE-44EE-9B02-0A240C8B8F81}.Debug|Any CPU.ActiveCfg = Debug|Any CPU
		{F073DE71-33AE-44EE-9B02-0A240C8B8F81}.Debug|Any CPU.Build.0 = Debug|Any CPU
		{F073DE71-33AE-44EE-9B02-0A240C8B8F81}.Release|Any CPU.ActiveCfg = Release|Any CPU
		{F073DE71-33AE-44EE-9B02-0A240C8B8F81}.Release|Any CPU.Build.0 = Release|Any CPU
	EndGlobalSection
	GlobalSection(SolutionProperties) = preSolution
		HideSolutionNode = FALSE
	EndGlobalSection
	GlobalSection(ExtensibilityGlobals) = postSolution
		SolutionGuid = {4DA176AA-2FBB-4EE2-927C-A6FF018E860E}
	EndGlobalSection
EndGlobal
